// !$*UTF8*$!
{
	archiveVersion = 1;
	classes = {
	};
	objectVersion = 56;
	objects = {

/* Begin PBXBuildFile section */
		FE0AAD2A2C7A9BAC00AD7488 /* GasOnApp.swift in Sources */ = {isa = PBXBuildFile; fileRef = FE0AAD292C7A9BAC00AD7488 /* GasOnApp.swift */; };
		FE0AAD2E2C7A9BAC00AD7488 /* Item.swift in Sources */ = {isa = PBXBuildFile; fileRef = FE0AAD2D2C7A9BAC00AD7488 /* Item.swift */; };
		FE0AAD472C7A9BAD00AD7488 /* GasOnUITests.swift in Sources */ = {isa = PBXBuildFile; fileRef = FE0AAD462C7A9BAD00AD7488 /* GasOnUITests.swift */; };
		FE0AAD492C7A9BAD00AD7488 /* GasOnUITestsLaunchTests.swift in Sources */ = {isa = PBXBuildFile; fileRef = FE0AAD482C7A9BAD00AD7488 /* GasOnUITestsLaunchTests.swift */; };
		FE2111602CADB7360090153C /* UserDefaults.swift in Sources */ = {isa = PBXBuildFile; fileRef = FE21115F2CADB72E0090153C /* UserDefaults.swift */; };
		FE2891EF2CAA305C00D3A8BA /* PeripheralInfo.swift in Sources */ = {isa = PBXBuildFile; fileRef = FE2891EE2CAA305C00D3A8BA /* PeripheralInfo.swift */; };
		FE2A6C892D8DE549005D224C /* DeviceListViewModel.swift in Sources */ = {isa = PBXBuildFile; fileRef = FE2A6C882D8DE549005D224C /* DeviceListViewModel.swift */; };
		FE2A6C8C2D8DE664005D224C /* DeviceRowCell.swift in Sources */ = {isa = PBXBuildFile; fileRef = FE2A6C8B2D8DE65E005D224C /* DeviceRowCell.swift */; };
		FE2A6C992D8E006F005D224C /* UserDefaultTests.swift in Sources */ = {isa = PBXBuildFile; fileRef = FE2A6C982D8E0067005D224C /* UserDefaultTests.swift */; };
		FE2A6C9B2D8E0097005D224C /* GasDataViewModelTests.swift in Sources */ = {isa = PBXBuildFile; fileRef = FE2A6C9A2D8E008E005D224C /* GasDataViewModelTests.swift */; };
		FE2A6C9D2D8E11BD005D224C /* MockBluetoothService.swift in Sources */ = {isa = PBXBuildFile; fileRef = FE2A6C9C2D8E11AF005D224C /* MockBluetoothService.swift */; };
		FE2A6C9F2D8E11D9005D224C /* DeviceListViewModelTests.swift in Sources */ = {isa = PBXBuildFile; fileRef = FE2A6C9E2D8E11C3005D224C /* DeviceListViewModelTests.swift */; };
		FE2A6CA12D8E1D27005D224C /* PeripheralProtocol.swift in Sources */ = {isa = PBXBuildFile; fileRef = FE2A6CA02D8E1D1D005D224C /* PeripheralProtocol.swift */; };
		FE2B902E2C97AFC10058F9AC /* ConnectionView.swift in Sources */ = {isa = PBXBuildFile; fileRef = FE2B902D2C97AFC10058F9AC /* ConnectionView.swift */; };
		FE3D5DDE2CAB128500E44DB1 /* DeviceListView.swift in Sources */ = {isa = PBXBuildFile; fileRef = FE3D5DDD2CAB128500E44DB1 /* DeviceListView.swift */; };
		FE3D5DE02CAB12C500E44DB1 /* DeviceRow.swift in Sources */ = {isa = PBXBuildFile; fileRef = FE3D5DDF2CAB12C500E44DB1 /* DeviceRow.swift */; };
		FE4EB0932D8D12EC00CEB811 /* BluetoothService.swift in Sources */ = {isa = PBXBuildFile; fileRef = FE4EB0922D8D12EC00CEB811 /* BluetoothService.swift */; };
		FE4EB0952D8D137400CEB811 /* GasDataViewModel.swift in Sources */ = {isa = PBXBuildFile; fileRef = FE4EB0942D8D137400CEB811 /* GasDataViewModel.swift */; };
		FE5C8A812C89DCB600EF03E4 /* Colors.xcassets in Resources */ = {isa = PBXBuildFile; fileRef = FE5C8A802C89DCB600EF03E4 /* Colors.xcassets */; };
		FE5C8A872C89E1E400EF03E4 /* Assets.xcassets in Resources */ = {isa = PBXBuildFile; fileRef = FE5C8A862C89E1E400EF03E4 /* Assets.xcassets */; };
		FE5C8A892C89E29500EF03E4 /* Media.xcassets in Resources */ = {isa = PBXBuildFile; fileRef = FE5C8A882C89E29500EF03E4 /* Media.xcassets */; };
		FEDFAC6F2C8E77D80089A0D5 /* HeaderView.swift in Sources */ = {isa = PBXBuildFile; fileRef = FEDFAC6E2C8E77D80089A0D5 /* HeaderView.swift */; };
		FEDFAC712C8E78260089A0D5 /* GasLevelView.swift in Sources */ = {isa = PBXBuildFile; fileRef = FEDFAC702C8E78260089A0D5 /* GasLevelView.swift */; };
		FEDFAC732C8E78520089A0D5 /* LeadingNavigationItem.swift in Sources */ = {isa = PBXBuildFile; fileRef = FEDFAC722C8E78520089A0D5 /* LeadingNavigationItem.swift */; };
		FEDFAC7B2C8E7A8B0089A0D5 /* TrailingNavigationItem.swift in Sources */ = {isa = PBXBuildFile; fileRef = FEDFAC7A2C8E7A8B0089A0D5 /* TrailingNavigationItem.swift */; };
		FEDFAC7D2C8E7AC20089A0D5 /* DateInfoView.swift in Sources */ = {isa = PBXBuildFile; fileRef = FEDFAC7C2C8E7AC20089A0D5 /* DateInfoView.swift */; };
		FEDFAC812C8E7C810089A0D5 /* HomeView.swift in Sources */ = {isa = PBXBuildFile; fileRef = FE0C151F2C87931600CDEA0A /* HomeView.swift */; };
/* End PBXBuildFile section */

/* Begin PBXContainerItemProxy section */
		FE0AAD392C7A9BAD00AD7488 /* PBXContainerItemProxy */ = {
			isa = PBXContainerItemProxy;
			containerPortal = FE0AAD1E2C7A9BAC00AD7488 /* Project object */;
			proxyType = 1;
			remoteGlobalIDString = FE0AAD252C7A9BAC00AD7488;
			remoteInfo = GasOn;
		};
		FE0AAD432C7A9BAD00AD7488 /* PBXContainerItemProxy */ = {
			isa = PBXContainerItemProxy;
			containerPortal = FE0AAD1E2C7A9BAC00AD7488 /* Project object */;
			proxyType = 1;
			remoteGlobalIDString = FE0AAD252C7A9BAC00AD7488;
			remoteInfo = GasOn;
		};
/* End PBXContainerItemProxy section */

/* Begin PBXFileReference section */
		FE0AAD262C7A9BAC00AD7488 /* GasOn.app */ = {isa = PBXFileReference; explicitFileType = wrapper.application; includeInIndex = 0; path = GasOn.app; sourceTree = BUILT_PRODUCTS_DIR; };
		FE0AAD292C7A9BAC00AD7488 /* GasOnApp.swift */ = {isa = PBXFileReference; lastKnownFileType = sourcecode.swift; path = GasOnApp.swift; sourceTree = "<group>"; };
		FE0AAD2D2C7A9BAC00AD7488 /* Item.swift */ = {isa = PBXFileReference; lastKnownFileType = sourcecode.swift; path = Item.swift; sourceTree = "<group>"; };
		FE0AAD382C7A9BAD00AD7488 /* GasOnTests.xctest */ = {isa = PBXFileReference; explicitFileType = wrapper.cfbundle; includeInIndex = 0; path = GasOnTests.xctest; sourceTree = BUILT_PRODUCTS_DIR; };
		FE0AAD422C7A9BAD00AD7488 /* GasOnUITests.xctest */ = {isa = PBXFileReference; explicitFileType = wrapper.cfbundle; includeInIndex = 0; path = GasOnUITests.xctest; sourceTree = BUILT_PRODUCTS_DIR; };
		FE0AAD462C7A9BAD00AD7488 /* GasOnUITests.swift */ = {isa = PBXFileReference; lastKnownFileType = sourcecode.swift; path = GasOnUITests.swift; sourceTree = "<group>"; };
		FE0AAD482C7A9BAD00AD7488 /* GasOnUITestsLaunchTests.swift */ = {isa = PBXFileReference; lastKnownFileType = sourcecode.swift; path = GasOnUITestsLaunchTests.swift; sourceTree = "<group>"; };
		FE0AAD552C7A9CEF00AD7488 /* Info.plist */ = {isa = PBXFileReference; lastKnownFileType = text.plist.xml; path = Info.plist; sourceTree = "<group>"; };
		FE0C151F2C87931600CDEA0A /* HomeView.swift */ = {isa = PBXFileReference; lastKnownFileType = sourcecode.swift; path = HomeView.swift; sourceTree = "<group>"; };
		FE21115F2CADB72E0090153C /* UserDefaults.swift */ = {isa = PBXFileReference; lastKnownFileType = sourcecode.swift; path = UserDefaults.swift; sourceTree = "<group>"; };
		FE2891EE2CAA305C00D3A8BA /* PeripheralInfo.swift */ = {isa = PBXFileReference; lastKnownFileType = sourcecode.swift; path = PeripheralInfo.swift; sourceTree = "<group>"; };
		FE2A6C882D8DE549005D224C /* DeviceListViewModel.swift */ = {isa = PBXFileReference; lastKnownFileType = sourcecode.swift; path = DeviceListViewModel.swift; sourceTree = "<group>"; };
		FE2A6C8B2D8DE65E005D224C /* DeviceRowCell.swift */ = {isa = PBXFileReference; lastKnownFileType = sourcecode.swift; path = DeviceRowCell.swift; sourceTree = "<group>"; };
		FE2A6C982D8E0067005D224C /* UserDefaultTests.swift */ = {isa = PBXFileReference; lastKnownFileType = sourcecode.swift; path = UserDefaultTests.swift; sourceTree = "<group>"; };
		FE2A6C9A2D8E008E005D224C /* GasDataViewModelTests.swift */ = {isa = PBXFileReference; lastKnownFileType = sourcecode.swift; path = GasDataViewModelTests.swift; sourceTree = "<group>"; };
		FE2A6C9C2D8E11AF005D224C /* MockBluetoothService.swift */ = {isa = PBXFileReference; lastKnownFileType = sourcecode.swift; path = MockBluetoothService.swift; sourceTree = "<group>"; };
		FE2A6C9E2D8E11C3005D224C /* DeviceListViewModelTests.swift */ = {isa = PBXFileReference; lastKnownFileType = sourcecode.swift; path = DeviceListViewModelTests.swift; sourceTree = "<group>"; };
		FE2A6CA02D8E1D1D005D224C /* PeripheralProtocol.swift */ = {isa = PBXFileReference; lastKnownFileType = sourcecode.swift; path = PeripheralProtocol.swift; sourceTree = "<group>"; };
		FE2A6CA22D8E27B4005D224C /* README.md */ = {isa = PBXFileReference; lastKnownFileType = net.daringfireball.markdown; path = README.md; sourceTree = "<group>"; };
		FE2A6CA42D8E2968005D224C /* home.PNG */ = {isa = PBXFileReference; lastKnownFileType = image.png; path = home.PNG; sourceTree = "<group>"; };
		FE2A6CA52D8E2971005D224C /* ble.PNG */ = {isa = PBXFileReference; lastKnownFileType = image.png; path = ble.PNG; sourceTree = "<group>"; };
		FE2A6CA62D8E29A6005D224C /* LICENSE */ = {isa = PBXFileReference; lastKnownFileType = text; path = LICENSE; sourceTree = "<group>"; };
		FE2B902D2C97AFC10058F9AC /* ConnectionView.swift */ = {isa = PBXFileReference; lastKnownFileType = sourcecode.swift; path = ConnectionView.swift; sourceTree = "<group>"; };
		FE3D5DDD2CAB128500E44DB1 /* DeviceListView.swift */ = {isa = PBXFileReference; lastKnownFileType = sourcecode.swift; path = DeviceListView.swift; sourceTree = "<group>"; };
		FE3D5DDF2CAB12C500E44DB1 /* DeviceRow.swift */ = {isa = PBXFileReference; lastKnownFileType = sourcecode.swift; path = DeviceRow.swift; sourceTree = "<group>"; };
		FE4EB0922D8D12EC00CEB811 /* BluetoothService.swift */ = {isa = PBXFileReference; lastKnownFileType = sourcecode.swift; path = BluetoothService.swift; sourceTree = "<group>"; };
		FE4EB0942D8D137400CEB811 /* GasDataViewModel.swift */ = {isa = PBXFileReference; lastKnownFileType = sourcecode.swift; path = GasDataViewModel.swift; sourceTree = "<group>"; };
		FE5C8A802C89DCB600EF03E4 /* Colors.xcassets */ = {isa = PBXFileReference; lastKnownFileType = folder.assetcatalog; path = Colors.xcassets; sourceTree = "<group>"; };
		FE5C8A862C89E1E400EF03E4 /* Assets.xcassets */ = {isa = PBXFileReference; lastKnownFileType = folder.assetcatalog; path = Assets.xcassets; sourceTree = "<group>"; };
		FE5C8A882C89E29500EF03E4 /* Media.xcassets */ = {isa = PBXFileReference; lastKnownFileType = folder.assetcatalog; path = Media.xcassets; sourceTree = "<group>"; };
		FEDFAC6E2C8E77D80089A0D5 /* HeaderView.swift */ = {isa = PBXFileReference; lastKnownFileType = sourcecode.swift; path = HeaderView.swift; sourceTree = "<group>"; };
		FEDFAC702C8E78260089A0D5 /* GasLevelView.swift */ = {isa = PBXFileReference; lastKnownFileType = sourcecode.swift; path = GasLevelView.swift; sourceTree = "<group>"; };
		FEDFAC722C8E78520089A0D5 /* LeadingNavigationItem.swift */ = {isa = PBXFileReference; lastKnownFileType = sourcecode.swift; path = LeadingNavigationItem.swift; sourceTree = "<group>"; };
		FEDFAC7A2C8E7A8B0089A0D5 /* TrailingNavigationItem.swift */ = {isa = PBXFileReference; lastKnownFileType = sourcecode.swift; path = TrailingNavigationItem.swift; sourceTree = "<group>"; };
		FEDFAC7C2C8E7AC20089A0D5 /* DateInfoView.swift */ = {isa = PBXFileReference; lastKnownFileType = sourcecode.swift; path = DateInfoView.swift; sourceTree = "<group>"; };
		FEF368232CAB23C000698BC7 /* .gitignore */ = {isa = PBXFileReference; lastKnownFileType = text; path = .gitignore; sourceTree = "<group>"; };
/* End PBXFileReference section */

/* Begin PBXFrameworksBuildPhase section */
		FE0AAD232C7A9BAC00AD7488 /* Frameworks */ = {
			isa = PBXFrameworksBuildPhase;
			buildActionMask = 2147483647;
			files = (
			);
			runOnlyForDeploymentPostprocessing = 0;
		};
		FE0AAD352C7A9BAD00AD7488 /* Frameworks */ = {
			isa = PBXFrameworksBuildPhase;
			buildActionMask = 2147483647;
			files = (
			);
			runOnlyForDeploymentPostprocessing = 0;
		};
		FE0AAD3F2C7A9BAD00AD7488 /* Frameworks */ = {
			isa = PBXFrameworksBuildPhase;
			buildActionMask = 2147483647;
			files = (
			);
			runOnlyForDeploymentPostprocessing = 0;
		};
/* End PBXFrameworksBuildPhase section */

/* Begin PBXGroup section */
		FE0AAD1D2C7A9BAC00AD7488 = {
			isa = PBXGroup;
			children = (
				FE2A6CA62D8E29A6005D224C /* LICENSE */,
				FE2A6CA32D8E28D2005D224C /* Screenshots */,
				FE2A6CA22D8E27B4005D224C /* README.md */,
				FEF368232CAB23C000698BC7 /* .gitignore */,
				FE0AAD282C7A9BAC00AD7488 /* GasOn */,
				FE0AAD3B2C7A9BAD00AD7488 /* GasOnTests */,
				FE0AAD452C7A9BAD00AD7488 /* GasOnUITests */,
				FE0AAD272C7A9BAC00AD7488 /* Products */,
			);
			sourceTree = "<group>";
		};
		FE0AAD272C7A9BAC00AD7488 /* Products */ = {
			isa = PBXGroup;
			children = (
				FE0AAD262C7A9BAC00AD7488 /* GasOn.app */,
				FE0AAD382C7A9BAD00AD7488 /* GasOnTests.xctest */,
				FE0AAD422C7A9BAD00AD7488 /* GasOnUITests.xctest */,
			);
			name = Products;
			sourceTree = "<group>";
		};
		FE0AAD282C7A9BAC00AD7488 /* GasOn */ = {
			isa = PBXGroup;
			children = (
				FE4EB0912D8D129C00CEB811 /* Services */,
				FE4EB0902D8D11E300CEB811 /* Extensions */,
				FE0AAD292C7A9BAC00AD7488 /* GasOnApp.swift */,
				FE0AAD552C7A9CEF00AD7488 /* Info.plist */,
				FE5C8A862C89E1E400EF03E4 /* Assets.xcassets */,
				FE5C8A882C89E29500EF03E4 /* Media.xcassets */,
				FE5C8A802C89DCB600EF03E4 /* Colors.xcassets */,
				FE2891EC2CAA301B00D3A8BA /* Models */,
				FEDFAC7E2C8E7AFF0089A0D5 /* Views */,
				FE2891ED2CAA302600D3A8BA /* ViewModels */,
			);
			path = GasOn;
			sourceTree = "<group>";
		};
		FE0AAD3B2C7A9BAD00AD7488 /* GasOnTests */ = {
			isa = PBXGroup;
			children = (
				FE2A6C9E2D8E11C3005D224C /* DeviceListViewModelTests.swift */,
				FE2A6C9C2D8E11AF005D224C /* MockBluetoothService.swift */,
				FE2A6C9A2D8E008E005D224C /* GasDataViewModelTests.swift */,
				FE2A6C982D8E0067005D224C /* UserDefaultTests.swift */,
			);
			path = GasOnTests;
			sourceTree = "<group>";
		};
		FE0AAD452C7A9BAD00AD7488 /* GasOnUITests */ = {
			isa = PBXGroup;
			children = (
				FE0AAD462C7A9BAD00AD7488 /* GasOnUITests.swift */,
				FE0AAD482C7A9BAD00AD7488 /* GasOnUITestsLaunchTests.swift */,
			);
			path = GasOnUITests;
			sourceTree = "<group>";
		};
		FE2891EC2CAA301B00D3A8BA /* Models */ = {
			isa = PBXGroup;
			children = (
				FE2A6C952D8DEA7B005D224C /* CoreData */,
				FE2A6C942D8DEA73005D224C /* Bluetooth */,
			);
			path = Models;
			sourceTree = "<group>";
		};
		FE2891ED2CAA302600D3A8BA /* ViewModels */ = {
			isa = PBXGroup;
			children = (
				FE4EB0942D8D137400CEB811 /* GasDataViewModel.swift */,
				FE2A6C882D8DE549005D224C /* DeviceListViewModel.swift */,
			);
			path = ViewModels;
			sourceTree = "<group>";
		};
		FE2A6C8A2D8DE625005D224C /* UIKit */ = {
			isa = PBXGroup;
			children = (
				FE2A6C8B2D8DE65E005D224C /* DeviceRowCell.swift */,
				FE3D5DDD2CAB128500E44DB1 /* DeviceListView.swift */,
			);
			path = UIKit;
			sourceTree = "<group>";
		};
		FE2A6C8D2D8DE684005D224C /* SwiftUI */ = {
			isa = PBXGroup;
			children = (
				FE2A6C932D8DE6A4005D224C /* Screens */,
				FE2A6C902D8DE698005D224C /* Components */,
			);
			path = SwiftUI;
			sourceTree = "<group>";
		};
		FE2A6C902D8DE698005D224C /* Components */ = {
			isa = PBXGroup;
			children = (
				FEDFAC6E2C8E77D80089A0D5 /* HeaderView.swift */,
				FEDFAC7A2C8E7A8B0089A0D5 /* TrailingNavigationItem.swift */,
				FEDFAC722C8E78520089A0D5 /* LeadingNavigationItem.swift */,
				FEDFAC702C8E78260089A0D5 /* GasLevelView.swift */,
				FE3D5DDF2CAB12C500E44DB1 /* DeviceRow.swift */,
				FEDFAC7C2C8E7AC20089A0D5 /* DateInfoView.swift */,
			);
			path = Components;
			sourceTree = "<group>";
		};
		FE2A6C932D8DE6A4005D224C /* Screens */ = {
			isa = PBXGroup;
			children = (
				FE2B902D2C97AFC10058F9AC /* ConnectionView.swift */,
				FE0C151F2C87931600CDEA0A /* HomeView.swift */,
			);
			path = Screens;
			sourceTree = "<group>";
		};
		FE2A6C942D8DEA73005D224C /* Bluetooth */ = {
			isa = PBXGroup;
			children = (
				FE2891EE2CAA305C00D3A8BA /* PeripheralInfo.swift */,
				FE2A6CA02D8E1D1D005D224C /* PeripheralProtocol.swift */,
			);
			path = Bluetooth;
			sourceTree = "<group>";
		};
		FE2A6C952D8DEA7B005D224C /* CoreData */ = {
			isa = PBXGroup;
			children = (
				FE0AAD2D2C7A9BAC00AD7488 /* Item.swift */,
			);
			path = CoreData;
			sourceTree = "<group>";
		};
		FE2A6CA32D8E28D2005D224C /* Screenshots */ = {
			isa = PBXGroup;
			children = (
				FE2A6CA52D8E2971005D224C /* ble.PNG */,
				FE2A6CA42D8E2968005D224C /* home.PNG */,
			);
			path = Screenshots;
			sourceTree = "<group>";
		};
		FE4EB0902D8D11E300CEB811 /* Extensions */ = {
			isa = PBXGroup;
			children = (
				FE21115F2CADB72E0090153C /* UserDefaults.swift */,
			);
			path = Extensions;
			sourceTree = "<group>";
		};
		FE4EB0912D8D129C00CEB811 /* Services */ = {
			isa = PBXGroup;
			children = (
				FE4EB0922D8D12EC00CEB811 /* BluetoothService.swift */,
			);
			path = Services;
			sourceTree = "<group>";
		};
		FEDFAC7E2C8E7AFF0089A0D5 /* Views */ = {
			isa = PBXGroup;
			children = (
				FE2A6C8D2D8DE684005D224C /* SwiftUI */,
				FE2A6C8A2D8DE625005D224C /* UIKit */,
			);
			path = Views;
			sourceTree = "<group>";
		};
/* End PBXGroup section */

/* Begin PBXNativeTarget section */
		FE0AAD252C7A9BAC00AD7488 /* GasOn */ = {
			isa = PBXNativeTarget;
			buildConfigurationList = FE0AAD4C2C7A9BAD00AD7488 /* Build configuration list for PBXNativeTarget "GasOn" */;
			buildPhases = (
				FE0AAD222C7A9BAC00AD7488 /* Sources */,
				FE0AAD232C7A9BAC00AD7488 /* Frameworks */,
				FE0AAD242C7A9BAC00AD7488 /* Resources */,
			);
			buildRules = (
			);
			dependencies = (
			);
			name = GasOn;
			productName = GasOn;
			productReference = FE0AAD262C7A9BAC00AD7488 /* GasOn.app */;
			productType = "com.apple.product-type.application";
		};
		FE0AAD372C7A9BAD00AD7488 /* GasOnTests */ = {
			isa = PBXNativeTarget;
			buildConfigurationList = FE0AAD4F2C7A9BAD00AD7488 /* Build configuration list for PBXNativeTarget "GasOnTests" */;
			buildPhases = (
				FE0AAD342C7A9BAD00AD7488 /* Sources */,
				FE0AAD352C7A9BAD00AD7488 /* Frameworks */,
				FE0AAD362C7A9BAD00AD7488 /* Resources */,
			);
			buildRules = (
			);
			dependencies = (
				FE0AAD3A2C7A9BAD00AD7488 /* PBXTargetDependency */,
			);
			name = GasOnTests;
			productName = GasOnTests;
			productReference = FE0AAD382C7A9BAD00AD7488 /* GasOnTests.xctest */;
			productType = "com.apple.product-type.bundle.unit-test";
		};
		FE0AAD412C7A9BAD00AD7488 /* GasOnUITests */ = {
			isa = PBXNativeTarget;
			buildConfigurationList = FE0AAD522C7A9BAD00AD7488 /* Build configuration list for PBXNativeTarget "GasOnUITests" */;
			buildPhases = (
				FE0AAD3E2C7A9BAD00AD7488 /* Sources */,
				FE0AAD3F2C7A9BAD00AD7488 /* Frameworks */,
				FE0AAD402C7A9BAD00AD7488 /* Resources */,
			);
			buildRules = (
			);
			dependencies = (
				FE0AAD442C7A9BAD00AD7488 /* PBXTargetDependency */,
			);
			name = GasOnUITests;
			productName = GasOnUITests;
			productReference = FE0AAD422C7A9BAD00AD7488 /* GasOnUITests.xctest */;
			productType = "com.apple.product-type.bundle.ui-testing";
		};
/* End PBXNativeTarget section */

/* Begin PBXProject section */
		FE0AAD1E2C7A9BAC00AD7488 /* Project object */ = {
			isa = PBXProject;
			attributes = {
				BuildIndependentTargetsInParallel = 1;
				LastSwiftUpdateCheck = 1540;
				LastUpgradeCheck = 1600;
				TargetAttributes = {
					FE0AAD252C7A9BAC00AD7488 = {
						CreatedOnToolsVersion = 15.4;
					};
					FE0AAD372C7A9BAD00AD7488 = {
						CreatedOnToolsVersion = 15.4;
						TestTargetID = FE0AAD252C7A9BAC00AD7488;
					};
					FE0AAD412C7A9BAD00AD7488 = {
						CreatedOnToolsVersion = 15.4;
						TestTargetID = FE0AAD252C7A9BAC00AD7488;
					};
				};
			};
			buildConfigurationList = FE0AAD212C7A9BAC00AD7488 /* Build configuration list for PBXProject "GasOn" */;
			compatibilityVersion = "Xcode 14.0";
			developmentRegion = en;
			hasScannedForEncodings = 0;
			knownRegions = (
				en,
				Base,
			);
			mainGroup = FE0AAD1D2C7A9BAC00AD7488;
			productRefGroup = FE0AAD272C7A9BAC00AD7488 /* Products */;
			projectDirPath = "";
			projectRoot = "";
			targets = (
				FE0AAD252C7A9BAC00AD7488 /* GasOn */,
				FE0AAD372C7A9BAD00AD7488 /* GasOnTests */,
				FE0AAD412C7A9BAD00AD7488 /* GasOnUITests */,
			);
		};
/* End PBXProject section */

/* Begin PBXResourcesBuildPhase section */
		FE0AAD242C7A9BAC00AD7488 /* Resources */ = {
			isa = PBXResourcesBuildPhase;
			buildActionMask = 2147483647;
			files = (
				FE5C8A812C89DCB600EF03E4 /* Colors.xcassets in Resources */,
				FE5C8A872C89E1E400EF03E4 /* Assets.xcassets in Resources */,
				FE5C8A892C89E29500EF03E4 /* Media.xcassets in Resources */,
			);
			runOnlyForDeploymentPostprocessing = 0;
		};
		FE0AAD362C7A9BAD00AD7488 /* Resources */ = {
			isa = PBXResourcesBuildPhase;
			buildActionMask = 2147483647;
			files = (
			);
			runOnlyForDeploymentPostprocessing = 0;
		};
		FE0AAD402C7A9BAD00AD7488 /* Resources */ = {
			isa = PBXResourcesBuildPhase;
			buildActionMask = 2147483647;
			files = (
			);
			runOnlyForDeploymentPostprocessing = 0;
		};
/* End PBXResourcesBuildPhase section */

/* Begin PBXSourcesBuildPhase section */
		FE0AAD222C7A9BAC00AD7488 /* Sources */ = {
			isa = PBXSourcesBuildPhase;
			buildActionMask = 2147483647;
			files = (
				FE0AAD2E2C7A9BAC00AD7488 /* Item.swift in Sources */,
				FE3D5DDE2CAB128500E44DB1 /* DeviceListView.swift in Sources */,
				FE4EB0952D8D137400CEB811 /* GasDataViewModel.swift in Sources */,
				FE2A6CA12D8E1D27005D224C /* PeripheralProtocol.swift in Sources */,
				FEDFAC712C8E78260089A0D5 /* GasLevelView.swift in Sources */,
				FE3D5DE02CAB12C500E44DB1 /* DeviceRow.swift in Sources */,
				FE4EB0932D8D12EC00CEB811 /* BluetoothService.swift in Sources */,
				FE2A6C8C2D8DE664005D224C /* DeviceRowCell.swift in Sources */,
				FEDFAC812C8E7C810089A0D5 /* HomeView.swift in Sources */,
				FEDFAC732C8E78520089A0D5 /* LeadingNavigationItem.swift in Sources */,
				FEDFAC7D2C8E7AC20089A0D5 /* DateInfoView.swift in Sources */,
				FE0AAD2A2C7A9BAC00AD7488 /* GasOnApp.swift in Sources */,
				FEDFAC7B2C8E7A8B0089A0D5 /* TrailingNavigationItem.swift in Sources */,
				FE2111602CADB7360090153C /* UserDefaults.swift in Sources */,
				FE2A6C892D8DE549005D224C /* DeviceListViewModel.swift in Sources */,
				FE2B902E2C97AFC10058F9AC /* ConnectionView.swift in Sources */,
				FEDFAC6F2C8E77D80089A0D5 /* HeaderView.swift in Sources */,
				FE2891EF2CAA305C00D3A8BA /* PeripheralInfo.swift in Sources */,
			);
			runOnlyForDeploymentPostprocessing = 0;
		};
		FE0AAD342C7A9BAD00AD7488 /* Sources */ = {
			isa = PBXSourcesBuildPhase;
			buildActionMask = 2147483647;
			files = (
				FE2A6C9F2D8E11D9005D224C /* DeviceListViewModelTests.swift in Sources */,
				FE2A6C9D2D8E11BD005D224C /* MockBluetoothService.swift in Sources */,
				FE2A6C992D8E006F005D224C /* UserDefaultTests.swift in Sources */,
				FE2A6C9B2D8E0097005D224C /* GasDataViewModelTests.swift in Sources */,
			);
			runOnlyForDeploymentPostprocessing = 0;
		};
		FE0AAD3E2C7A9BAD00AD7488 /* Sources */ = {
			isa = PBXSourcesBuildPhase;
			buildActionMask = 2147483647;
			files = (
				FE0AAD472C7A9BAD00AD7488 /* GasOnUITests.swift in Sources */,
				FE0AAD492C7A9BAD00AD7488 /* GasOnUITestsLaunchTests.swift in Sources */,
			);
			runOnlyForDeploymentPostprocessing = 0;
		};
/* End PBXSourcesBuildPhase section */

/* Begin PBXTargetDependency section */
		FE0AAD3A2C7A9BAD00AD7488 /* PBXTargetDependency */ = {
			isa = PBXTargetDependency;
			target = FE0AAD252C7A9BAC00AD7488 /* GasOn */;
			targetProxy = FE0AAD392C7A9BAD00AD7488 /* PBXContainerItemProxy */;
		};
		FE0AAD442C7A9BAD00AD7488 /* PBXTargetDependency */ = {
			isa = PBXTargetDependency;
			target = FE0AAD252C7A9BAC00AD7488 /* GasOn */;
			targetProxy = FE0AAD432C7A9BAD00AD7488 /* PBXContainerItemProxy */;
		};
/* End PBXTargetDependency section */

/* Begin XCBuildConfiguration section */
		FE0AAD4A2C7A9BAD00AD7488 /* Debug */ = {
			isa = XCBuildConfiguration;
			buildSettings = {
				ALWAYS_SEARCH_USER_PATHS = NO;
				ASSETCATALOG_COMPILER_GENERATE_SWIFT_ASSET_SYMBOL_EXTENSIONS = YES;
				CLANG_ANALYZER_NONNULL = YES;
				CLANG_ANALYZER_NUMBER_OBJECT_CONVERSION = YES_AGGRESSIVE;
				CLANG_CXX_LANGUAGE_STANDARD = "gnu++20";
				CLANG_ENABLE_MODULES = YES;
				CLANG_ENABLE_OBJC_ARC = YES;
				CLANG_ENABLE_OBJC_WEAK = YES;
				CLANG_WARN_BLOCK_CAPTURE_AUTORELEASING = YES;
				CLANG_WARN_BOOL_CONVERSION = YES;
				CLANG_WARN_COMMA = YES;
				CLANG_WARN_CONSTANT_CONVERSION = YES;
				CLANG_WARN_DEPRECATED_OBJC_IMPLEMENTATIONS = YES;
				CLANG_WARN_DIRECT_OBJC_ISA_USAGE = YES_ERROR;
				CLANG_WARN_DOCUMENTATION_COMMENTS = YES;
				CLANG_WARN_EMPTY_BODY = YES;
				CLANG_WARN_ENUM_CONVERSION = YES;
				CLANG_WARN_INFINITE_RECURSION = YES;
				CLANG_WARN_INT_CONVERSION = YES;
				CLANG_WARN_NON_LITERAL_NULL_CONVERSION = YES;
				CLANG_WARN_OBJC_IMPLICIT_RETAIN_SELF = YES;
				CLANG_WARN_OBJC_LITERAL_CONVERSION = YES;
				CLANG_WARN_OBJC_ROOT_CLASS = YES_ERROR;
				CLANG_WARN_QUOTED_INCLUDE_IN_FRAMEWORK_HEADER = YES;
				CLANG_WARN_RANGE_LOOP_ANALYSIS = YES;
				CLANG_WARN_STRICT_PROTOTYPES = YES;
				CLANG_WARN_SUSPICIOUS_MOVE = YES;
				CLANG_WARN_UNGUARDED_AVAILABILITY = YES_AGGRESSIVE;
				CLANG_WARN_UNREACHABLE_CODE = YES;
				CLANG_WARN__DUPLICATE_METHOD_MATCH = YES;
				COPY_PHASE_STRIP = NO;
				DEBUG_INFORMATION_FORMAT = dwarf;
				ENABLE_STRICT_OBJC_MSGSEND = YES;
				ENABLE_TESTABILITY = YES;
				ENABLE_USER_SCRIPT_SANDBOXING = YES;
				GCC_C_LANGUAGE_STANDARD = gnu17;
				GCC_DYNAMIC_NO_PIC = NO;
				GCC_NO_COMMON_BLOCKS = YES;
				GCC_OPTIMIZATION_LEVEL = 0;
				GCC_PREPROCESSOR_DEFINITIONS = (
					"DEBUG=1",
					"$(inherited)",
				);
				GCC_WARN_64_TO_32_BIT_CONVERSION = YES;
				GCC_WARN_ABOUT_RETURN_TYPE = YES_ERROR;
				GCC_WARN_UNDECLARED_SELECTOR = YES;
				GCC_WARN_UNINITIALIZED_AUTOS = YES_AGGRESSIVE;
				GCC_WARN_UNUSED_FUNCTION = YES;
				GCC_WARN_UNUSED_VARIABLE = YES;
				IPHONEOS_DEPLOYMENT_TARGET = 17.5;
				LOCALIZATION_PREFERS_STRING_CATALOGS = YES;
				MTL_ENABLE_DEBUG_INFO = INCLUDE_SOURCE;
				MTL_FAST_MATH = YES;
				ONLY_ACTIVE_ARCH = YES;
				SDKROOT = iphoneos;
				SWIFT_ACTIVE_COMPILATION_CONDITIONS = "DEBUG $(inherited)";
				SWIFT_OPTIMIZATION_LEVEL = "-Onone";
			};
			name = Debug;
		};
		FE0AAD4B2C7A9BAD00AD7488 /* Release */ = {
			isa = XCBuildConfiguration;
			buildSettings = {
				ALWAYS_SEARCH_USER_PATHS = NO;
				ASSETCATALOG_COMPILER_GENERATE_SWIFT_ASSET_SYMBOL_EXTENSIONS = YES;
				CLANG_ANALYZER_NONNULL = YES;
				CLANG_ANALYZER_NUMBER_OBJECT_CONVERSION = YES_AGGRESSIVE;
				CLANG_CXX_LANGUAGE_STANDARD = "gnu++20";
				CLANG_ENABLE_MODULES = YES;
				CLANG_ENABLE_OBJC_ARC = YES;
				CLANG_ENABLE_OBJC_WEAK = YES;
				CLANG_WARN_BLOCK_CAPTURE_AUTORELEASING = YES;
				CLANG_WARN_BOOL_CONVERSION = YES;
				CLANG_WARN_COMMA = YES;
				CLANG_WARN_CONSTANT_CONVERSION = YES;
				CLANG_WARN_DEPRECATED_OBJC_IMPLEMENTATIONS = YES;
				CLANG_WARN_DIRECT_OBJC_ISA_USAGE = YES_ERROR;
				CLANG_WARN_DOCUMENTATION_COMMENTS = YES;
				CLANG_WARN_EMPTY_BODY = YES;
				CLANG_WARN_ENUM_CONVERSION = YES;
				CLANG_WARN_INFINITE_RECURSION = YES;
				CLANG_WARN_INT_CONVERSION = YES;
				CLANG_WARN_NON_LITERAL_NULL_CONVERSION = YES;
				CLANG_WARN_OBJC_IMPLICIT_RETAIN_SELF = YES;
				CLANG_WARN_OBJC_LITERAL_CONVERSION = YES;
				CLANG_WARN_OBJC_ROOT_CLASS = YES_ERROR;
				CLANG_WARN_QUOTED_INCLUDE_IN_FRAMEWORK_HEADER = YES;
				CLANG_WARN_RANGE_LOOP_ANALYSIS = YES;
				CLANG_WARN_STRICT_PROTOTYPES = YES;
				CLANG_WARN_SUSPICIOUS_MOVE = YES;
				CLANG_WARN_UNGUARDED_AVAILABILITY = YES_AGGRESSIVE;
				CLANG_WARN_UNREACHABLE_CODE = YES;
				CLANG_WARN__DUPLICATE_METHOD_MATCH = YES;
				COPY_PHASE_STRIP = NO;
				DEBUG_INFORMATION_FORMAT = "dwarf-with-dsym";
				ENABLE_NS_ASSERTIONS = NO;
				ENABLE_STRICT_OBJC_MSGSEND = YES;
				ENABLE_USER_SCRIPT_SANDBOXING = YES;
				GCC_C_LANGUAGE_STANDARD = gnu17;
				GCC_NO_COMMON_BLOCKS = YES;
				GCC_WARN_64_TO_32_BIT_CONVERSION = YES;
				GCC_WARN_ABOUT_RETURN_TYPE = YES_ERROR;
				GCC_WARN_UNDECLARED_SELECTOR = YES;
				GCC_WARN_UNINITIALIZED_AUTOS = YES_AGGRESSIVE;
				GCC_WARN_UNUSED_FUNCTION = YES;
				GCC_WARN_UNUSED_VARIABLE = YES;
				IPHONEOS_DEPLOYMENT_TARGET = 17.5;
				LOCALIZATION_PREFERS_STRING_CATALOGS = YES;
				MTL_ENABLE_DEBUG_INFO = NO;
				MTL_FAST_MATH = YES;
				SDKROOT = iphoneos;
				SWIFT_COMPILATION_MODE = wholemodule;
				VALIDATE_PRODUCT = YES;
			};
			name = Release;
		};
		FE0AAD4D2C7A9BAD00AD7488 /* Debug */ = {
			isa = XCBuildConfiguration;
			buildSettings = {
				ASSETCATALOG_COMPILER_APPICON_NAME = AppIcon;
				ASSETCATALOG_COMPILER_GLOBAL_ACCENT_COLOR_NAME = AccentColor;
				CODE_SIGN_STYLE = Automatic;
				CURRENT_PROJECT_VERSION = 1;
				DEVELOPMENT_ASSET_PATHS = "\"GasOn/Preview Content\"";
				DEVELOPMENT_TEAM = 76MD982A9T;
				ENABLE_PREVIEWS = YES;
				GENERATE_INFOPLIST_FILE = YES;
				INFOPLIST_FILE = GasOn/Info.plist;
				INFOPLIST_KEY_NSBluetoothAlwaysUsageDescription = "This app requires continuous Bluetooth access to connect with nearby devices and enhance your experience, even when the app is in the background.";
				INFOPLIST_KEY_NSBluetoothPeripheralUsageDescription = "This app uses Bluetooth to communicate with and control peripheral devices, ensuring proper functionality and improved user experience.";
				INFOPLIST_KEY_UIApplicationSceneManifest_Generation = YES;
				INFOPLIST_KEY_UIApplicationSupportsIndirectInputEvents = YES;
				INFOPLIST_KEY_UILaunchScreen_Generation = YES;
				INFOPLIST_KEY_UISupportedInterfaceOrientations_iPad = "UIInterfaceOrientationPortrait UIInterfaceOrientationPortraitUpsideDown UIInterfaceOrientationLandscapeLeft UIInterfaceOrientationLandscapeRight";
				INFOPLIST_KEY_UISupportedInterfaceOrientations_iPhone = "UIInterfaceOrientationPortrait UIInterfaceOrientationLandscapeLeft UIInterfaceOrientationLandscapeRight";
				LD_RUNPATH_SEARCH_PATHS = (
					"$(inherited)",
					"@executable_path/Frameworks",
				);
				MARKETING_VERSION = 1.0;
				PRODUCT_BUNDLE_IDENTIFIER = com.tcc.GasOn;
				PRODUCT_NAME = "$(TARGET_NAME)";
				SWIFT_EMIT_LOC_STRINGS = YES;
				SWIFT_VERSION = 5.0;
				TARGETED_DEVICE_FAMILY = "1,2";
			};
			name = Debug;
		};
		FE0AAD4E2C7A9BAD00AD7488 /* Release */ = {
			isa = XCBuildConfiguration;
			buildSettings = {
				ASSETCATALOG_COMPILER_APPICON_NAME = AppIcon;
				ASSETCATALOG_COMPILER_GLOBAL_ACCENT_COLOR_NAME = AccentColor;
				CODE_SIGN_STYLE = Automatic;
				CURRENT_PROJECT_VERSION = 1;
				DEVELOPMENT_ASSET_PATHS = "\"GasOn/Preview Content\"";
				DEVELOPMENT_TEAM = 76MD982A9T;
				ENABLE_PREVIEWS = YES;
				GENERATE_INFOPLIST_FILE = YES;
				INFOPLIST_FILE = GasOn/Info.plist;
				INFOPLIST_KEY_NSBluetoothAlwaysUsageDescription = "This app requires continuous Bluetooth access to connect with nearby devices and enhance your experience, even when the app is in the background.";
				INFOPLIST_KEY_NSBluetoothPeripheralUsageDescription = "This app uses Bluetooth to communicate with and control peripheral devices, ensuring proper functionality and improved user experience.";
				INFOPLIST_KEY_UIApplicationSceneManifest_Generation = YES;
				INFOPLIST_KEY_UIApplicationSupportsIndirectInputEvents = YES;
				INFOPLIST_KEY_UILaunchScreen_Generation = YES;
				INFOPLIST_KEY_UISupportedInterfaceOrientations_iPad = "UIInterfaceOrientationPortrait UIInterfaceOrientationPortraitUpsideDown UIInterfaceOrientationLandscapeLeft UIInterfaceOrientationLandscapeRight";
				INFOPLIST_KEY_UISupportedInterfaceOrientations_iPhone = "UIInterfaceOrientationPortrait UIInterfaceOrientationLandscapeLeft UIInterfaceOrientationLandscapeRight";
				LD_RUNPATH_SEARCH_PATHS = (
					"$(inherited)",
					"@executable_path/Frameworks",
				);
				MARKETING_VERSION = 1.0;
				PRODUCT_BUNDLE_IDENTIFIER = com.tcc.GasOn;
				PRODUCT_NAME = "$(TARGET_NAME)";
				SWIFT_EMIT_LOC_STRINGS = YES;
				SWIFT_VERSION = 5.0;
				TARGETED_DEVICE_FAMILY = "1,2";
			};
			name = Release;
		};
		FE0AAD502C7A9BAD00AD7488 /* Debug */ = {
			isa = XCBuildConfiguration;
			buildSettings = {
				BUNDLE_LOADER = "$(TEST_HOST)";
				CODE_SIGN_STYLE = Automatic;
				CURRENT_PROJECT_VERSION = 1;
				DEVELOPMENT_TEAM = 76MD982A9T;
				GENERATE_INFOPLIST_FILE = YES;
				IPHONEOS_DEPLOYMENT_TARGET = 17.5;
				MARKETING_VERSION = 1.0;
				PRODUCT_BUNDLE_IDENTIFIER = com.tcc.GasOnTests;
				PRODUCT_NAME = "$(TARGET_NAME)";
				SWIFT_EMIT_LOC_STRINGS = NO;
				SWIFT_VERSION = 5.0;
				TARGETED_DEVICE_FAMILY = "1,2";
				TEST_HOST = "$(BUILT_PRODUCTS_DIR)/GasOn.app/$(BUNDLE_EXECUTABLE_FOLDER_PATH)/GasOn";
			};
			name = Debug;
		};
		FE0AAD512C7A9BAD00AD7488 /* Release */ = {
			isa = XCBuildConfiguration;
			buildSettings = {
				BUNDLE_LOADER = "$(TEST_HOST)";
				CODE_SIGN_STYLE = Automatic;
				CURRENT_PROJECT_VERSION = 1;
				DEVELOPMENT_TEAM = 76MD982A9T;
				GENERATE_INFOPLIST_FILE = YES;
				IPHONEOS_DEPLOYMENT_TARGET = 17.5;
				MARKETING_VERSION = 1.0;
				PRODUCT_BUNDLE_IDENTIFIER = com.tcc.GasOnTests;
				PRODUCT_NAME = "$(TARGET_NAME)";
				SWIFT_EMIT_LOC_STRINGS = NO;
				SWIFT_VERSION = 5.0;
				TARGETED_DEVICE_FAMILY = "1,2";
				TEST_HOST = "$(BUILT_PRODUCTS_DIR)/GasOn.app/$(BUNDLE_EXECUTABLE_FOLDER_PATH)/GasOn";
			};
			name = Release;
		};
		FE0AAD532C7A9BAD00AD7488 /* Debug */ = {
			isa = XCBuildConfiguration;
			buildSettings = {
				CODE_SIGN_STYLE = Automatic;
				CURRENT_PROJECT_VERSION = 1;
				DEVELOPMENT_TEAM = 76MD982A9T;
				GENERATE_INFOPLIST_FILE = YES;
				MARKETING_VERSION = 1.0;
				PRODUCT_BUNDLE_IDENTIFIER = com.tcc.GasOnUITests;
				PRODUCT_NAME = "$(TARGET_NAME)";
				SWIFT_EMIT_LOC_STRINGS = NO;
				SWIFT_VERSION = 5.0;
				TARGETED_DEVICE_FAMILY = "1,2";
				TEST_TARGET_NAME = GasOn;
			};
			name = Debug;
		};
		FE0AAD542C7A9BAD00AD7488 /* Release */ = {
			isa = XCBuildConfiguration;
			buildSettings = {
				CODE_SIGN_STYLE = Automatic;
				CURRENT_PROJECT_VERSION = 1;
				DEVELOPMENT_TEAM = 76MD982A9T;
				GENERATE_INFOPLIST_FILE = YES;
				MARKETING_VERSION = 1.0;
				PRODUCT_BUNDLE_IDENTIFIER = com.tcc.GasOnUITests;
				PRODUCT_NAME = "$(TARGET_NAME)";
				SWIFT_EMIT_LOC_STRINGS = NO;
				SWIFT_VERSION = 5.0;
				TARGETED_DEVICE_FAMILY = "1,2";
				TEST_TARGET_NAME = GasOn;
			};
			name = Release;
		};
/* End XCBuildConfiguration section */

/* Begin XCConfigurationList section */
		FE0AAD212C7A9BAC00AD7488 /* Build configuration list for PBXProject "GasOn" */ = {
			isa = XCConfigurationList;
			buildConfigurations = (
				FE0AAD4A2C7A9BAD00AD7488 /* Debug */,
				FE0AAD4B2C7A9BAD00AD7488 /* Release */,
			);
			defaultConfigurationIsVisible = 0;
			defaultConfigurationName = Release;
		};
		FE0AAD4C2C7A9BAD00AD7488 /* Build configuration list for PBXNativeTarget "GasOn" */ = {
			isa = XCConfigurationList;
			buildConfigurations = (
				FE0AAD4D2C7A9BAD00AD7488 /* Debug */,
				FE0AAD4E2C7A9BAD00AD7488 /* Release */,
			);
			defaultConfigurationIsVisible = 0;
			defaultConfigurationName = Release;
		};
		FE0AAD4F2C7A9BAD00AD7488 /* Build configuration list for PBXNativeTarget "GasOnTests" */ = {
			isa = XCConfigurationList;
			buildConfigurations = (
				FE0AAD502C7A9BAD00AD7488 /* Debug */,
				FE0AAD512C7A9BAD00AD7488 /* Release */,
			);
			defaultConfigurationIsVisible = 0;
			defaultConfigurationName = Release;
		};
		FE0AAD522C7A9BAD00AD7488 /* Build configuration list for PBXNativeTarget "GasOnUITests" */ = {
			isa = XCConfigurationList;
			buildConfigurations = (
				FE0AAD532C7A9BAD00AD7488 /* Debug */,
				FE0AAD542C7A9BAD00AD7488 /* Release */,
			);
			defaultConfigurationIsVisible = 0;
			defaultConfigurationName = Release;
		};
/* End XCConfigurationList section */
	};
	rootObject = FE0AAD1E2C7A9BAC00AD7488 /* Project object */;
}
